<?xml version="1.0" encoding="UTF-8" standalone="yes" ?>
<CodeBlocks_project_file>
	<FileVersion major="1" minor="6" />
	<Project>
		<Option title="Automata-Celular" />
		<Option pch_mode="2" />
		<Option compiler="gcc" />
		<Build>
			<Target title="Debug">
				<Option output="bin/Debug/Automata-Celular" prefix_auto="1" extension_auto="1" />
				<Option object_output="obj/Debug/" />
				<Option type="1" />
				<Option compiler="gcc" />
				<Compiler>
					<Add option="-std=c++11" />
					<Add option="-g" />
					<Add directory="include" />
					<Add directory="../Automata-Celular" />
				</Compiler>
				<Linker>
					<Add option="-lopengl32" />
					<Add option="-lglu32" />
					<Add option="-lglut32" />
				</Linker>
			</Target>
			<Target title="Release">
				<Option output="bin/Release/Automata-Celular" prefix_auto="1" extension_auto="1" />
				<Option object_output="obj/Release/" />
				<Option type="1" />
				<Option compiler="gcc" />
				<Compiler>
					<Add option="-O2" />
					<Add directory="include" />
					<Add directory="../Automata-Celular" />
				</Compiler>
				<Linker>
					<Add option="-s" />
				</Linker>
			</Target>
		</Build>
		<Compiler>
			<Add option="-Wall" />
			<Add option="-fexceptions" />
		</Compiler>
		<Unit filename="Aves/NdoAve.cpp" />
		<Unit filename="Aves/NdoAve.h" />
		<Unit filename="Aves/SimuladorAves.cpp" />
		<Unit filename="Aves/SimuladorAves.h" />
		<Unit filename="Aves/VisualizadorAves.cpp" />
		<Unit filename="Aves/VisualizadorAves.h" />
		<Unit filename="GrafoGnr.h" />
		<Unit filename="Parse.cpp" />
		<Unit filename="Parse.h" />
		<Unit filename="SimuladorGnr.h" />
		<Unit filename="VerticeGnr.h" />
		<Unit filename="Virus/NdoVrs.cpp" />
		<Unit filename="Virus/NdoVrs.h" />
		<Unit filename="Virus/SimuladorVrs.cpp" />
		<Unit filename="Virus/SimuladorVrs.h" />
		<Unit filename="Virus/VisualizadorVrs.cpp" />
		<Unit filename="Virus/VisualizadorVrs.h" />
		<Unit filename="VisualizadorGnr.cpp" />
		<Unit filename="VisualizadorGnr.h" />
		<Unit filename="main.cpp" />
		<Extensions>
			<code_completion />
			<debugger />
			<envvars />
		</Extensions>
	</Project>
</CodeBlocks_project_file>
